// !$*UTF8*$!
{
	archiveVersion = 1;
	classes = {
	};
	objectVersion = 46;
	objects = {

/* Begin PBXBuildFile section */
		3D0131131E11858D00845149 /* Service.swift in Sources */ = {isa = PBXBuildFile; fileRef = 3D0131121E11858D00845149 /* Service.swift */; };
		3D0131161E11865B00845149 /* Deck.swift in Sources */ = {isa = PBXBuildFile; fileRef = 3D0131151E11865B00845149 /* Deck.swift */; };
		3D01311A1E118F5500845149 /* BaseUIViewController.swift in Sources */ = {isa = PBXBuildFile; fileRef = 3D0131191E118F5500845149 /* BaseUIViewController.swift */; };
		3D1661EF1D20EF5400EA2DD8 /* HowToPlayViewController.swift in Sources */ = {isa = PBXBuildFile; fileRef = 3D1661ED1D20EF5400EA2DD8 /* HowToPlayViewController.swift */; };
		3D1661F01D20EF5400EA2DD8 /* HowToPlayViewController.xib in Resources */ = {isa = PBXBuildFile; fileRef = 3D1661EE1D20EF5400EA2DD8 /* HowToPlayViewController.xib */; };
		3D20ABCB1DF7212B009DFB7E /* CategorySelectionViewController.swift in Sources */ = {isa = PBXBuildFile; fileRef = 3D20ABC91DF7212B009DFB7E /* CategorySelectionViewController.swift */; };
		3D20ABCC1DF7212B009DFB7E /* CategorySelectionViewController.xib in Resources */ = {isa = PBXBuildFile; fileRef = 3D20ABCA1DF7212B009DFB7E /* CategorySelectionViewController.xib */; };
		3D20ABCF1DF72176009DFB7E /* CollectionViewCell.swift in Sources */ = {isa = PBXBuildFile; fileRef = 3D20ABCD1DF72176009DFB7E /* CollectionViewCell.swift */; };
		3D20ABD01DF72176009DFB7E /* CollectionViewCell.xib in Resources */ = {isa = PBXBuildFile; fileRef = 3D20ABCE1DF72176009DFB7E /* CollectionViewCell.xib */; };
		3D20ABD81DF73A8C009DFB7E /* PlayGameViewController.swift in Sources */ = {isa = PBXBuildFile; fileRef = 3D20ABD61DF73A8C009DFB7E /* PlayGameViewController.swift */; };
		3D20ABD91DF73A8C009DFB7E /* PlayGameViewController.xib in Resources */ = {isa = PBXBuildFile; fileRef = 3D20ABD71DF73A8C009DFB7E /* PlayGameViewController.xib */; };
		3D2471D71E5AF518002004CB /* GoogleAnalyticsUtil.swift in Sources */ = {isa = PBXBuildFile; fileRef = 3D2471D61E5AF518002004CB /* GoogleAnalyticsUtil.swift */; };
		3D2471D91E5AFA2F002004CB /* GoogleService-Info.plist in Resources */ = {isa = PBXBuildFile; fileRef = 3D2471D81E5AFA2F002004CB /* GoogleService-Info.plist */; };
		3D27D3681E69497000237801 /* PreferenceUtil.swift in Sources */ = {isa = PBXBuildFile; fileRef = 3D27D3671E69497000237801 /* PreferenceUtil.swift */; };
		3D3659B31E01B2900018F13E /* Category.swift in Sources */ = {isa = PBXBuildFile; fileRef = 3D3659B21E01B2900018F13E /* Category.swift */; };
		3D3659B51E01B7A50018F13E /* Constant.swift in Sources */ = {isa = PBXBuildFile; fileRef = 3D3659B41E01B7A50018F13E /* Constant.swift */; };
		3D37A6D11E0C4C6B00DD9F70 /* ScoreCardViewController.swift in Sources */ = {isa = PBXBuildFile; fileRef = 3D37A6CF1E0C4C6B00DD9F70 /* ScoreCardViewController.swift */; };
		3D37A6D21E0C4C6B00DD9F70 /* ScoreCardViewController.xib in Resources */ = {isa = PBXBuildFile; fileRef = 3D37A6D01E0C4C6B00DD9F70 /* ScoreCardViewController.xib */; };
		3D3C76261E12BB8100A67EF5 /* SQLiteDatabase.swift in Sources */ = {isa = PBXBuildFile; fileRef = 3D3C76251E12BB8100A67EF5 /* SQLiteDatabase.swift */; };
		3D3C76341E12BC4300A67EF5 /* FMDatabase.m in Sources */ = {isa = PBXBuildFile; fileRef = 3D3C762A1E12BC4300A67EF5 /* FMDatabase.m */; };
		3D3C76351E12BC4300A67EF5 /* FMDatabaseAdditions.m in Sources */ = {isa = PBXBuildFile; fileRef = 3D3C762C1E12BC4300A67EF5 /* FMDatabaseAdditions.m */; };
		3D3C76361E12BC4300A67EF5 /* FMDatabasePool.m in Sources */ = {isa = PBXBuildFile; fileRef = 3D3C762E1E12BC4300A67EF5 /* FMDatabasePool.m */; };
		3D3C76371E12BC4300A67EF5 /* FMDatabaseQueue.m in Sources */ = {isa = PBXBuildFile; fileRef = 3D3C76301E12BC4300A67EF5 /* FMDatabaseQueue.m */; };
		3D3C76381E12BC4300A67EF5 /* FMResultSet.m in Sources */ = {isa = PBXBuildFile; fileRef = 3D3C76331E12BC4300A67EF5 /* FMResultSet.m */; };
		3D3C763B1E12E0CE00A67EF5 /* libsqlite3.0.tbd in Frameworks */ = {isa = PBXBuildFile; fileRef = 3D3C763A1E12E0CE00A67EF5 /* libsqlite3.0.tbd */; };
		3D6F76DC1E030D99006E560B /* select_category.mp3 in Resources */ = {isa = PBXBuildFile; fileRef = 3D6F76DB1E030D99006E560B /* select_category.mp3 */; };
		3D6F76E51E0310A3006E560B /* correct.mp3 in Resources */ = {isa = PBXBuildFile; fileRef = 3D6F76DD1E0310A3006E560B /* correct.mp3 */; };
		3D6F76E61E0310A3006E560B /* get_ready.mp3 in Resources */ = {isa = PBXBuildFile; fileRef = 3D6F76DE1E0310A3006E560B /* get_ready.mp3 */; };
		3D6F76E71E0310A3006E560B /* round_end_buzzer.mp3 in Resources */ = {isa = PBXBuildFile; fileRef = 3D6F76DF1E0310A3006E560B /* round_end_buzzer.mp3 */; };
		3D6F76E81E0310A3006E560B /* three_two_one_2.mp3 in Resources */ = {isa = PBXBuildFile; fileRef = 3D6F76E01E0310A3006E560B /* three_two_one_2.mp3 */; };
		3D6F76E91E0310A3006E560B /* three_two_one.mp3 in Resources */ = {isa = PBXBuildFile; fileRef = 3D6F76E11E0310A3006E560B /* three_two_one.mp3 */; };
		3D6F76EA1E0310A3006E560B /* time_low_loop.mp3 in Resources */ = {isa = PBXBuildFile; fileRef = 3D6F76E21E0310A3006E560B /* time_low_loop.mp3 */; };
		3D6F76EB1E0310A3006E560B /* final_score.mp3 in Resources */ = {isa = PBXBuildFile; fileRef = 3D6F76E31E0310A3006E560B /* final_score.mp3 */; };
		3D6F76EC1E0310A3006E560B /* pass.mp3 in Resources */ = {isa = PBXBuildFile; fileRef = 3D6F76E41E0310A3006E560B /* pass.mp3 */; };
		3D79F21E1E643D7300BECAC8 /* TeamPlayUtil.swift in Sources */ = {isa = PBXBuildFile; fileRef = 3D79F21D1E643D7300BECAC8 /* TeamPlayUtil.swift */; };
		3D79F2211E645B2C00BECAC8 /* TeamFinalScoreCardViewController.swift in Sources */ = {isa = PBXBuildFile; fileRef = 3D79F21F1E645B2C00BECAC8 /* TeamFinalScoreCardViewController.swift */; };
		3D79F2221E645B2C00BECAC8 /* TeamFinalScoreCardViewController.xib in Resources */ = {isa = PBXBuildFile; fileRef = 3D79F2201E645B2C00BECAC8 /* TeamFinalScoreCardViewController.xib */; };
		3D806ECE1E5D6A910004C2D8 /* PreviewUtil.swift in Sources */ = {isa = PBXBuildFile; fileRef = 3D806ECD1E5D6A910004C2D8 /* PreviewUtil.swift */; };
		3D9487411E656A3D00D1DEDF /* TeamFinalScoreTableViewCell.swift in Sources */ = {isa = PBXBuildFile; fileRef = 3D94873F1E656A3D00D1DEDF /* TeamFinalScoreTableViewCell.swift */; };
		3D9487421E656A3D00D1DEDF /* TeamFinalScoreTableViewCell.xib in Resources */ = {isa = PBXBuildFile; fileRef = 3D9487401E656A3D00D1DEDF /* TeamFinalScoreTableViewCell.xib */; };
		3D9487451E65756400D1DEDF /* TotalScoreTableViewCell.swift in Sources */ = {isa = PBXBuildFile; fileRef = 3D9487431E65756400D1DEDF /* TotalScoreTableViewCell.swift */; };
		3D9487461E65756400D1DEDF /* TotalScoreTableViewCell.xib in Resources */ = {isa = PBXBuildFile; fileRef = 3D9487441E65756400D1DEDF /* TotalScoreTableViewCell.xib */; };
		3D9487481E6585B600D1DEDF /* TeamPlayScore.swift in Sources */ = {isa = PBXBuildFile; fileRef = 3D9487471E6585B600D1DEDF /* TeamPlayScore.swift */; };
		3DA704311E13B964005DC85B /* DeckResult.swift in Sources */ = {isa = PBXBuildFile; fileRef = 3DA704301E13B964005DC85B /* DeckResult.swift */; };
		3DA704381E13CAC2005DC85B /* ResultTableViewCell.swift in Sources */ = {isa = PBXBuildFile; fileRef = 3DA704361E13CAC2005DC85B /* ResultTableViewCell.swift */; };
		3DA704391E13CAC2005DC85B /* ResultTableViewCell.xib in Resources */ = {isa = PBXBuildFile; fileRef = 3DA704371E13CAC2005DC85B /* ResultTableViewCell.xib */; };
		3DC1A39E1E4C88BA00330170 /* MKCollectionViewCell.swift in Sources */ = {isa = PBXBuildFile; fileRef = 3DC1A39D1E4C88BA00330170 /* MKCollectionViewCell.swift */; };
		3DC1A3A01E4C8BF200330170 /* MKLayer.swift in Sources */ = {isa = PBXBuildFile; fileRef = 3DC1A39F1E4C8BF200330170 /* MKLayer.swift */; };
		3DC78E3C1E405A2F009BAA60 /* VideoPlayViewController.swift in Sources */ = {isa = PBXBuildFile; fileRef = 3DC78E3A1E405A2F009BAA60 /* VideoPlayViewController.swift */; };
		3DC78E3D1E405A2F009BAA60 /* VideoPlayViewController.xib in Resources */ = {isa = PBXBuildFile; fileRef = 3DC78E3B1E405A2F009BAA60 /* VideoPlayViewController.xib */; };
		3DC78E411E407647009BAA60 /* SplashScreenViewController.swift in Sources */ = {isa = PBXBuildFile; fileRef = 3DC78E3F1E407647009BAA60 /* SplashScreenViewController.swift */; };
		3DC78E421E407647009BAA60 /* SplashScreenViewController.xib in Resources */ = {isa = PBXBuildFile; fileRef = 3DC78E401E407647009BAA60 /* SplashScreenViewController.xib */; };
		3DD4EDBA1E643B420040AA1B /* TeamPlayViewController.swift in Sources */ = {isa = PBXBuildFile; fileRef = 3DD4EDB71E643B420040AA1B /* TeamPlayViewController.swift */; };
		3DD4EDBB1E643B420040AA1B /* TeamPlayViewController.xib in Resources */ = {isa = PBXBuildFile; fileRef = 3DD4EDB81E643B420040AA1B /* TeamPlayViewController.xib */; };
		3DE98C031D1D0BB40071C1C7 /* AppDelegate.swift in Sources */ = {isa = PBXBuildFile; fileRef = 3DE98C021D1D0BB40071C1C7 /* AppDelegate.swift */; };
		3DE98C081D1D0BB40071C1C7 /* Main.storyboard in Resources */ = {isa = PBXBuildFile; fileRef = 3DE98C061D1D0BB40071C1C7 /* Main.storyboard */; };
		3DE98C0A1D1D0BB40071C1C7 /* Assets.xcassets in Resources */ = {isa = PBXBuildFile; fileRef = 3DE98C091D1D0BB40071C1C7 /* Assets.xcassets */; };
		3DE98C1A1D1D0D8A0071C1C7 /* DescriptionViewController.swift in Sources */ = {isa = PBXBuildFile; fileRef = 3DE98C181D1D0D8A0071C1C7 /* DescriptionViewController.swift */; };
		3DE98C1B1D1D0D8A0071C1C7 /* DescriptionViewController.xib in Resources */ = {isa = PBXBuildFile; fileRef = 3DE98C191D1D0D8A0071C1C7 /* DescriptionViewController.xib */; };
		3DE98C321D1D43FA0071C1C7 /* CommonUtil.swift in Sources */ = {isa = PBXBuildFile; fileRef = 3DE98C311D1D43FA0071C1C7 /* CommonUtil.swift */; };
		F478B38F1FBD2DB4C9A7ED3D /* Pods_Sahi_Pakde_Hai.framework in Frameworks */ = {isa = PBXBuildFile; fileRef = F86CAC73893D6FB6A2F55C61 /* Pods_Sahi_Pakde_Hai.framework */; };
/* End PBXBuildFile section */

/* Begin PBXFileReference section */
		3D0131121E11858D00845149 /* Service.swift */ = {isa = PBXFileReference; fileEncoding = 4; lastKnownFileType = sourcecode.swift; path = Service.swift; sourceTree = "<group>"; };
		3D0131151E11865B00845149 /* Deck.swift */ = {isa = PBXFileReference; fileEncoding = 4; lastKnownFileType = sourcecode.swift; path = Deck.swift; sourceTree = "<group>"; };
		3D0131191E118F5500845149 /* BaseUIViewController.swift */ = {isa = PBXFileReference; fileEncoding = 4; lastKnownFileType = sourcecode.swift; path = BaseUIViewController.swift; sourceTree = "<group>"; };
		3D1661ED1D20EF5400EA2DD8 /* HowToPlayViewController.swift */ = {isa = PBXFileReference; fileEncoding = 4; lastKnownFileType = sourcecode.swift; path = HowToPlayViewController.swift; sourceTree = "<group>"; };
		3D1661EE1D20EF5400EA2DD8 /* HowToPlayViewController.xib */ = {isa = PBXFileReference; fileEncoding = 4; lastKnownFileType = file.xib; path = HowToPlayViewController.xib; sourceTree = "<group>"; };
		3D20ABC91DF7212B009DFB7E /* CategorySelectionViewController.swift */ = {isa = PBXFileReference; fileEncoding = 4; lastKnownFileType = sourcecode.swift; path = CategorySelectionViewController.swift; sourceTree = "<group>"; };
		3D20ABCA1DF7212B009DFB7E /* CategorySelectionViewController.xib */ = {isa = PBXFileReference; fileEncoding = 4; lastKnownFileType = file.xib; path = CategorySelectionViewController.xib; sourceTree = "<group>"; };
		3D20ABCD1DF72176009DFB7E /* CollectionViewCell.swift */ = {isa = PBXFileReference; fileEncoding = 4; lastKnownFileType = sourcecode.swift; path = CollectionViewCell.swift; sourceTree = "<group>"; };
		3D20ABCE1DF72176009DFB7E /* CollectionViewCell.xib */ = {isa = PBXFileReference; fileEncoding = 4; lastKnownFileType = file.xib; path = CollectionViewCell.xib; sourceTree = "<group>"; };
		3D20ABD61DF73A8C009DFB7E /* PlayGameViewController.swift */ = {isa = PBXFileReference; fileEncoding = 4; lastKnownFileType = sourcecode.swift; path = PlayGameViewController.swift; sourceTree = "<group>"; };
		3D20ABD71DF73A8C009DFB7E /* PlayGameViewController.xib */ = {isa = PBXFileReference; fileEncoding = 4; lastKnownFileType = file.xib; path = PlayGameViewController.xib; sourceTree = "<group>"; };
		3D2471D61E5AF518002004CB /* GoogleAnalyticsUtil.swift */ = {isa = PBXFileReference; fileEncoding = 4; lastKnownFileType = sourcecode.swift; path = GoogleAnalyticsUtil.swift; sourceTree = "<group>"; };
		3D2471D81E5AFA2F002004CB /* GoogleService-Info.plist */ = {isa = PBXFileReference; fileEncoding = 4; lastKnownFileType = text.plist.xml; path = "GoogleService-Info.plist"; sourceTree = "<group>"; };
		3D27D3671E69497000237801 /* PreferenceUtil.swift */ = {isa = PBXFileReference; fileEncoding = 4; lastKnownFileType = sourcecode.swift; path = PreferenceUtil.swift; sourceTree = "<group>"; };
		3D3659B21E01B2900018F13E /* Category.swift */ = {isa = PBXFileReference; fileEncoding = 4; lastKnownFileType = sourcecode.swift; path = Category.swift; sourceTree = "<group>"; };
		3D3659B41E01B7A50018F13E /* Constant.swift */ = {isa = PBXFileReference; fileEncoding = 4; lastKnownFileType = sourcecode.swift; path = Constant.swift; sourceTree = "<group>"; };
		3D37A6CF1E0C4C6B00DD9F70 /* ScoreCardViewController.swift */ = {isa = PBXFileReference; fileEncoding = 4; lastKnownFileType = sourcecode.swift; path = ScoreCardViewController.swift; sourceTree = "<group>"; };
		3D37A6D01E0C4C6B00DD9F70 /* ScoreCardViewController.xib */ = {isa = PBXFileReference; fileEncoding = 4; lastKnownFileType = file.xib; path = ScoreCardViewController.xib; sourceTree = "<group>"; };
		3D3C76251E12BB8100A67EF5 /* SQLiteDatabase.swift */ = {isa = PBXFileReference; fileEncoding = 4; lastKnownFileType = sourcecode.swift; path = SQLiteDatabase.swift; sourceTree = "<group>"; };
		3D3C76291E12BC4300A67EF5 /* FMDatabase.h */ = {isa = PBXFileReference; fileEncoding = 4; lastKnownFileType = sourcecode.c.h; path = FMDatabase.h; sourceTree = "<group>"; };
		3D3C762A1E12BC4300A67EF5 /* FMDatabase.m */ = {isa = PBXFileReference; fileEncoding = 4; lastKnownFileType = sourcecode.c.objc; path = FMDatabase.m; sourceTree = "<group>"; };
		3D3C762B1E12BC4300A67EF5 /* FMDatabaseAdditions.h */ = {isa = PBXFileReference; fileEncoding = 4; lastKnownFileType = sourcecode.c.h; path = FMDatabaseAdditions.h; sourceTree = "<group>"; };
		3D3C762C1E12BC4300A67EF5 /* FMDatabaseAdditions.m */ = {isa = PBXFileReference; fileEncoding = 4; lastKnownFileType = sourcecode.c.objc; path = FMDatabaseAdditions.m; sourceTree = "<group>"; };
		3D3C762D1E12BC4300A67EF5 /* FMDatabasePool.h */ = {isa = PBXFileReference; fileEncoding = 4; lastKnownFileType = sourcecode.c.h; path = FMDatabasePool.h; sourceTree = "<group>"; };
		3D3C762E1E12BC4300A67EF5 /* FMDatabasePool.m */ = {isa = PBXFileReference; fileEncoding = 4; lastKnownFileType = sourcecode.c.objc; path = FMDatabasePool.m; sourceTree = "<group>"; };
		3D3C762F1E12BC4300A67EF5 /* FMDatabaseQueue.h */ = {isa = PBXFileReference; fileEncoding = 4; lastKnownFileType = sourcecode.c.h; path = FMDatabaseQueue.h; sourceTree = "<group>"; };
		3D3C76301E12BC4300A67EF5 /* FMDatabaseQueue.m */ = {isa = PBXFileReference; fileEncoding = 4; lastKnownFileType = sourcecode.c.objc; path = FMDatabaseQueue.m; sourceTree = "<group>"; };
		3D3C76311E12BC4300A67EF5 /* FMDB.h */ = {isa = PBXFileReference; fileEncoding = 4; lastKnownFileType = sourcecode.c.h; path = FMDB.h; sourceTree = "<group>"; };
		3D3C76321E12BC4300A67EF5 /* FMResultSet.h */ = {isa = PBXFileReference; fileEncoding = 4; lastKnownFileType = sourcecode.c.h; path = FMResultSet.h; sourceTree = "<group>"; };
		3D3C76331E12BC4300A67EF5 /* FMResultSet.m */ = {isa = PBXFileReference; fileEncoding = 4; lastKnownFileType = sourcecode.c.objc; path = FMResultSet.m; sourceTree = "<group>"; };
		3D3C76391E12BD1A00A67EF5 /* Sahi Pakde Hai-Bridging-Header.h */ = {isa = PBXFileReference; lastKnownFileType = sourcecode.c.h; path = "Sahi Pakde Hai-Bridging-Header.h"; sourceTree = "<group>"; };
		3D3C763A1E12E0CE00A67EF5 /* libsqlite3.0.tbd */ = {isa = PBXFileReference; lastKnownFileType = "sourcecode.text-based-dylib-definition"; name = libsqlite3.0.tbd; path = usr/lib/libsqlite3.0.tbd; sourceTree = SDKROOT; };
		3D6F76DB1E030D99006E560B /* select_category.mp3 */ = {isa = PBXFileReference; lastKnownFileType = audio.mp3; path = select_category.mp3; sourceTree = "<group>"; };
		3D6F76DD1E0310A3006E560B /* correct.mp3 */ = {isa = PBXFileReference; lastKnownFileType = audio.mp3; path = correct.mp3; sourceTree = "<group>"; };
		3D6F76DE1E0310A3006E560B /* get_ready.mp3 */ = {isa = PBXFileReference; lastKnownFileType = audio.mp3; path = get_ready.mp3; sourceTree = "<group>"; };
		3D6F76DF1E0310A3006E560B /* round_end_buzzer.mp3 */ = {isa = PBXFileReference; lastKnownFileType = audio.mp3; path = round_end_buzzer.mp3; sourceTree = "<group>"; };
		3D6F76E01E0310A3006E560B /* three_two_one_2.mp3 */ = {isa = PBXFileReference; lastKnownFileType = audio.mp3; path = three_two_one_2.mp3; sourceTree = "<group>"; };
		3D6F76E11E0310A3006E560B /* three_two_one.mp3 */ = {isa = PBXFileReference; lastKnownFileType = audio.mp3; path = three_two_one.mp3; sourceTree = "<group>"; };
		3D6F76E21E0310A3006E560B /* time_low_loop.mp3 */ = {isa = PBXFileReference; lastKnownFileType = audio.mp3; path = time_low_loop.mp3; sourceTree = "<group>"; };
		3D6F76E31E0310A3006E560B /* final_score.mp3 */ = {isa = PBXFileReference; lastKnownFileType = audio.mp3; path = final_score.mp3; sourceTree = "<group>"; };
		3D6F76E41E0310A3006E560B /* pass.mp3 */ = {isa = PBXFileReference; lastKnownFileType = audio.mp3; path = pass.mp3; sourceTree = "<group>"; };
		3D79F21D1E643D7300BECAC8 /* TeamPlayUtil.swift */ = {isa = PBXFileReference; fileEncoding = 4; lastKnownFileType = sourcecode.swift; path = TeamPlayUtil.swift; sourceTree = "<group>"; };
		3D79F21F1E645B2C00BECAC8 /* TeamFinalScoreCardViewController.swift */ = {isa = PBXFileReference; fileEncoding = 4; lastKnownFileType = sourcecode.swift; path = TeamFinalScoreCardViewController.swift; sourceTree = "<group>"; };
		3D79F2201E645B2C00BECAC8 /* TeamFinalScoreCardViewController.xib */ = {isa = PBXFileReference; fileEncoding = 4; lastKnownFileType = file.xib; path = TeamFinalScoreCardViewController.xib; sourceTree = "<group>"; };
		3D806ECD1E5D6A910004C2D8 /* PreviewUtil.swift */ = {isa = PBXFileReference; fileEncoding = 4; lastKnownFileType = sourcecode.swift; path = PreviewUtil.swift; sourceTree = "<group>"; };
		3D94873F1E656A3D00D1DEDF /* TeamFinalScoreTableViewCell.swift */ = {isa = PBXFileReference; fileEncoding = 4; lastKnownFileType = sourcecode.swift; path = TeamFinalScoreTableViewCell.swift; sourceTree = "<group>"; };
		3D9487401E656A3D00D1DEDF /* TeamFinalScoreTableViewCell.xib */ = {isa = PBXFileReference; fileEncoding = 4; lastKnownFileType = file.xib; path = TeamFinalScoreTableViewCell.xib; sourceTree = "<group>"; };
		3D9487431E65756400D1DEDF /* TotalScoreTableViewCell.swift */ = {isa = PBXFileReference; fileEncoding = 4; lastKnownFileType = sourcecode.swift; path = TotalScoreTableViewCell.swift; sourceTree = "<group>"; };
		3D9487441E65756400D1DEDF /* TotalScoreTableViewCell.xib */ = {isa = PBXFileReference; fileEncoding = 4; lastKnownFileType = file.xib; path = TotalScoreTableViewCell.xib; sourceTree = "<group>"; };
		3D9487471E6585B600D1DEDF /* TeamPlayScore.swift */ = {isa = PBXFileReference; fileEncoding = 4; lastKnownFileType = sourcecode.swift; path = TeamPlayScore.swift; sourceTree = "<group>"; };
		3DA704301E13B964005DC85B /* DeckResult.swift */ = {isa = PBXFileReference; fileEncoding = 4; lastKnownFileType = sourcecode.swift; path = DeckResult.swift; sourceTree = "<group>"; };
		3DA704361E13CAC2005DC85B /* ResultTableViewCell.swift */ = {isa = PBXFileReference; fileEncoding = 4; lastKnownFileType = sourcecode.swift; path = ResultTableViewCell.swift; sourceTree = "<group>"; };
		3DA704371E13CAC2005DC85B /* ResultTableViewCell.xib */ = {isa = PBXFileReference; fileEncoding = 4; lastKnownFileType = file.xib; path = ResultTableViewCell.xib; sourceTree = "<group>"; };
		3DC1A39D1E4C88BA00330170 /* MKCollectionViewCell.swift */ = {isa = PBXFileReference; fileEncoding = 4; lastKnownFileType = sourcecode.swift; path = MKCollectionViewCell.swift; sourceTree = "<group>"; };
		3DC1A39F1E4C8BF200330170 /* MKLayer.swift */ = {isa = PBXFileReference; fileEncoding = 4; lastKnownFileType = sourcecode.swift; path = MKLayer.swift; sourceTree = "<group>"; };
		3DC78E3A1E405A2F009BAA60 /* VideoPlayViewController.swift */ = {isa = PBXFileReference; fileEncoding = 4; lastKnownFileType = sourcecode.swift; path = VideoPlayViewController.swift; sourceTree = "<group>"; };
		3DC78E3B1E405A2F009BAA60 /* VideoPlayViewController.xib */ = {isa = PBXFileReference; fileEncoding = 4; lastKnownFileType = file.xib; path = VideoPlayViewController.xib; sourceTree = "<group>"; };
		3DC78E3F1E407647009BAA60 /* SplashScreenViewController.swift */ = {isa = PBXFileReference; fileEncoding = 4; lastKnownFileType = sourcecode.swift; path = SplashScreenViewController.swift; sourceTree = "<group>"; };
		3DC78E401E407647009BAA60 /* SplashScreenViewController.xib */ = {isa = PBXFileReference; fileEncoding = 4; lastKnownFileType = file.xib; path = SplashScreenViewController.xib; sourceTree = "<group>"; };
		3DD4EDB71E643B420040AA1B /* TeamPlayViewController.swift */ = {isa = PBXFileReference; fileEncoding = 4; lastKnownFileType = sourcecode.swift; path = TeamPlayViewController.swift; sourceTree = "<group>"; };
		3DD4EDB81E643B420040AA1B /* TeamPlayViewController.xib */ = {isa = PBXFileReference; fileEncoding = 4; lastKnownFileType = file.xib; path = TeamPlayViewController.xib; sourceTree = "<group>"; };
		3DE98BFF1D1D0BB40071C1C7 /* Sahi Pakde Hai.app */ = {isa = PBXFileReference; explicitFileType = wrapper.application; includeInIndex = 0; path = "Sahi Pakde Hai.app"; sourceTree = BUILT_PRODUCTS_DIR; };
		3DE98C021D1D0BB40071C1C7 /* AppDelegate.swift */ = {isa = PBXFileReference; lastKnownFileType = sourcecode.swift; path = AppDelegate.swift; sourceTree = "<group>"; };
		3DE98C071D1D0BB40071C1C7 /* Base */ = {isa = PBXFileReference; lastKnownFileType = file.storyboard; name = Base; path = Base.lproj/Main.storyboard; sourceTree = "<group>"; };
		3DE98C091D1D0BB40071C1C7 /* Assets.xcassets */ = {isa = PBXFileReference; lastKnownFileType = folder.assetcatalog; path = Assets.xcassets; sourceTree = "<group>"; };
		3DE98C0E1D1D0BB40071C1C7 /* Info.plist */ = {isa = PBXFileReference; lastKnownFileType = text.plist.xml; path = Info.plist; sourceTree = "<group>"; };
		3DE98C181D1D0D8A0071C1C7 /* DescriptionViewController.swift */ = {isa = PBXFileReference; fileEncoding = 4; lastKnownFileType = sourcecode.swift; path = DescriptionViewController.swift; sourceTree = "<group>"; };
		3DE98C191D1D0D8A0071C1C7 /* DescriptionViewController.xib */ = {isa = PBXFileReference; fileEncoding = 4; lastKnownFileType = file.xib; path = DescriptionViewController.xib; sourceTree = "<group>"; };
		3DE98C311D1D43FA0071C1C7 /* CommonUtil.swift */ = {isa = PBXFileReference; fileEncoding = 4; lastKnownFileType = sourcecode.swift; path = CommonUtil.swift; sourceTree = "<group>"; };
		94307FD268DB747BA3742490 /* Pods-Sahi Pakde Hai.release.xcconfig */ = {isa = PBXFileReference; includeInIndex = 1; lastKnownFileType = text.xcconfig; name = "Pods-Sahi Pakde Hai.release.xcconfig"; path = "Pods/Target Support Files/Pods-Sahi Pakde Hai/Pods-Sahi Pakde Hai.release.xcconfig"; sourceTree = "<group>"; };
		BC6B77BFECFED7FCB35A8D6C /* Pods-Sahi Pakde Hai.debug.xcconfig */ = {isa = PBXFileReference; includeInIndex = 1; lastKnownFileType = text.xcconfig; name = "Pods-Sahi Pakde Hai.debug.xcconfig"; path = "Pods/Target Support Files/Pods-Sahi Pakde Hai/Pods-Sahi Pakde Hai.debug.xcconfig"; sourceTree = "<group>"; };
		F86CAC73893D6FB6A2F55C61 /* Pods_Sahi_Pakde_Hai.framework */ = {isa = PBXFileReference; explicitFileType = wrapper.framework; includeInIndex = 0; path = Pods_Sahi_Pakde_Hai.framework; sourceTree = BUILT_PRODUCTS_DIR; };
/* End PBXFileReference section */

/* Begin PBXFrameworksBuildPhase section */
		3DE98BFC1D1D0BB40071C1C7 /* Frameworks */ = {
			isa = PBXFrameworksBuildPhase;
			buildActionMask = 2147483647;
			files = (
				3D3C763B1E12E0CE00A67EF5 /* libsqlite3.0.tbd in Frameworks */,
				F478B38F1FBD2DB4C9A7ED3D /* Pods_Sahi_Pakde_Hai.framework in Frameworks */,
			);
			runOnlyForDeploymentPostprocessing = 0;
		};
/* End PBXFrameworksBuildPhase section */

/* Begin PBXGroup section */
		268119EE04796434788096F9 /* Frameworks */ = {
			isa = PBXGroup;
			children = (
				3D3C763A1E12E0CE00A67EF5 /* libsqlite3.0.tbd */,
				F86CAC73893D6FB6A2F55C61 /* Pods_Sahi_Pakde_Hai.framework */,
			);
			name = Frameworks;
			sourceTree = "<group>";
		};
		3D0131141E11863700845149 /* Model */ = {
			isa = PBXGroup;
			children = (
				3D3659B21E01B2900018F13E /* Category.swift */,
				3D0131151E11865B00845149 /* Deck.swift */,
				3DA704301E13B964005DC85B /* DeckResult.swift */,
				3D9487471E6585B600D1DEDF /* TeamPlayScore.swift */,
			);
			name = Model;
			sourceTree = "<group>";
		};
		3D20ABC81DF720A0009DFB7E /* CategoryView */ = {
			isa = PBXGroup;
			children = (
				3D20ABC91DF7212B009DFB7E /* CategorySelectionViewController.swift */,
				3D20ABCA1DF7212B009DFB7E /* CategorySelectionViewController.xib */,
				3D20ABCD1DF72176009DFB7E /* CollectionViewCell.swift */,
				3D20ABCE1DF72176009DFB7E /* CollectionViewCell.xib */,
				3DC1A39D1E4C88BA00330170 /* MKCollectionViewCell.swift */,
				3DC1A39F1E4C8BF200330170 /* MKLayer.swift */,
			);
			name = CategoryView;
			sourceTree = "<group>";
		};
		3D20ABD51DF73A6C009DFB7E /* PlayGame */ = {
			isa = PBXGroup;
			children = (
				3D20ABD61DF73A8C009DFB7E /* PlayGameViewController.swift */,
				3D20ABD71DF73A8C009DFB7E /* PlayGameViewController.xib */,
			);
			name = PlayGame;
			sourceTree = "<group>";
		};
		3D20ABDA1DF73E13009DFB7E /* DescriptionView */ = {
			isa = PBXGroup;
			children = (
				3DE98C181D1D0D8A0071C1C7 /* DescriptionViewController.swift */,
				3DE98C191D1D0D8A0071C1C7 /* DescriptionViewController.xib */,
			);
			name = DescriptionView;
			sourceTree = "<group>";
		};
		3D20ABDB1DF73E30009DFB7E /* HowToPlay */ = {
			isa = PBXGroup;
			children = (
				3D1661EE1D20EF5400EA2DD8 /* HowToPlayViewController.xib */,
				3D1661ED1D20EF5400EA2DD8 /* HowToPlayViewController.swift */,
			);
			name = HowToPlay;
			sourceTree = "<group>";
		};
		3D37A6CE1E0C4C4800DD9F70 /* Score */ = {
			isa = PBXGroup;
			children = (
				3D37A6CF1E0C4C6B00DD9F70 /* ScoreCardViewController.swift */,
				3D37A6D01E0C4C6B00DD9F70 /* ScoreCardViewController.xib */,
				3DA704361E13CAC2005DC85B /* ResultTableViewCell.swift */,
				3DA704371E13CAC2005DC85B /* ResultTableViewCell.xib */,
			);
			name = Score;
			sourceTree = "<group>";
		};
		3D3C76271E12BBB100A67EF5 /* FMDB */ = {
			isa = PBXGroup;
			children = (
				3D3C76291E12BC4300A67EF5 /* FMDatabase.h */,
				3D3C762A1E12BC4300A67EF5 /* FMDatabase.m */,
				3D3C762B1E12BC4300A67EF5 /* FMDatabaseAdditions.h */,
				3D3C762C1E12BC4300A67EF5 /* FMDatabaseAdditions.m */,
				3D3C762D1E12BC4300A67EF5 /* FMDatabasePool.h */,
				3D3C762E1E12BC4300A67EF5 /* FMDatabasePool.m */,
				3D3C762F1E12BC4300A67EF5 /* FMDatabaseQueue.h */,
				3D3C76301E12BC4300A67EF5 /* FMDatabaseQueue.m */,
				3D3C76311E12BC4300A67EF5 /* FMDB.h */,
				3D3C76321E12BC4300A67EF5 /* FMResultSet.h */,
				3D3C76331E12BC4300A67EF5 /* FMResultSet.m */,
				3D3C76391E12BD1A00A67EF5 /* Sahi Pakde Hai-Bridging-Header.h */,
			);
			name = FMDB;
			sourceTree = "<group>";
		};
		3D6F76C81E030620006E560B /* sounds */ = {
			isa = PBXGroup;
			children = (
				3D6F76DD1E0310A3006E560B /* correct.mp3 */,
				3D6F76DE1E0310A3006E560B /* get_ready.mp3 */,
				3D6F76DF1E0310A3006E560B /* round_end_buzzer.mp3 */,
				3D6F76E01E0310A3006E560B /* three_two_one_2.mp3 */,
				3D6F76E11E0310A3006E560B /* three_two_one.mp3 */,
				3D6F76E21E0310A3006E560B /* time_low_loop.mp3 */,
				3D6F76E31E0310A3006E560B /* final_score.mp3 */,
				3D6F76E41E0310A3006E560B /* pass.mp3 */,
				3D6F76DB1E030D99006E560B /* select_category.mp3 */,
			);
			name = sounds;
			sourceTree = "<group>";
		};
		3D94873E1E65670100D1DEDF /* TeamFinalScore */ = {
			isa = PBXGroup;
			children = (
				3D79F21F1E645B2C00BECAC8 /* TeamFinalScoreCardViewController.swift */,
				3D79F2201E645B2C00BECAC8 /* TeamFinalScoreCardViewController.xib */,
				3D94873F1E656A3D00D1DEDF /* TeamFinalScoreTableViewCell.swift */,
				3D9487401E656A3D00D1DEDF /* TeamFinalScoreTableViewCell.xib */,
				3D9487431E65756400D1DEDF /* TotalScoreTableViewCell.swift */,
				3D9487441E65756400D1DEDF /* TotalScoreTableViewCell.xib */,
			);
			name = TeamFinalScore;
			sourceTree = "<group>";
		};
		3DC78E391E4059FD009BAA60 /* VideoView */ = {
			isa = PBXGroup;
			children = (
				3DC78E3A1E405A2F009BAA60 /* VideoPlayViewController.swift */,
				3DC78E3B1E405A2F009BAA60 /* VideoPlayViewController.xib */,
			);
			name = VideoView;
			sourceTree = "<group>";
		};
		3DC78E3E1E407628009BAA60 /* SplashScreen */ = {
			isa = PBXGroup;
			children = (
				3DC78E3F1E407647009BAA60 /* SplashScreenViewController.swift */,
				3DC78E401E407647009BAA60 /* SplashScreenViewController.xib */,
			);
			name = SplashScreen;
			sourceTree = "<group>";
		};
		3DD4EDB51E643B2D0040AA1B /* TeamPlay */ = {
			isa = PBXGroup;
			children = (
				3DD4EDB71E643B420040AA1B /* TeamPlayViewController.swift */,
				3DD4EDB81E643B420040AA1B /* TeamPlayViewController.xib */,
			);
			name = TeamPlay;
			sourceTree = "<group>";
		};
		3DE98BF61D1D0BB40071C1C7 = {
			isa = PBXGroup;
			children = (
				3DE98C011D1D0BB40071C1C7 /* Sahi Pakde Hai */,
				3DE98C001D1D0BB40071C1C7 /* Products */,
				CE812A253420AFD10E85C0D6 /* Pods */,
				268119EE04796434788096F9 /* Frameworks */,
			);
			sourceTree = "<group>";
		};
		3DE98C001D1D0BB40071C1C7 /* Products */ = {
			isa = PBXGroup;
			children = (
				3DE98BFF1D1D0BB40071C1C7 /* Sahi Pakde Hai.app */,
			);
			name = Products;
			sourceTree = "<group>";
		};
		3DE98C011D1D0BB40071C1C7 /* Sahi Pakde Hai */ = {
			isa = PBXGroup;
			children = (
				3D94873E1E65670100D1DEDF /* TeamFinalScore */,
				3DD4EDB51E643B2D0040AA1B /* TeamPlay */,
				3DC78E3E1E407628009BAA60 /* SplashScreen */,
				3DC78E391E4059FD009BAA60 /* VideoView */,
				3D3C76271E12BBB100A67EF5 /* FMDB */,
				3D0131141E11863700845149 /* Model */,
				3D37A6CE1E0C4C4800DD9F70 /* Score */,
				3D6F76C81E030620006E560B /* sounds */,
				3D20ABDB1DF73E30009DFB7E /* HowToPlay */,
				3D20ABDA1DF73E13009DFB7E /* DescriptionView */,
				3D20ABD51DF73A6C009DFB7E /* PlayGame */,
				3D20ABC81DF720A0009DFB7E /* CategoryView */,
				3DE98C301D1D43E50071C1C7 /* util */,
				3DE98C021D1D0BB40071C1C7 /* AppDelegate.swift */,
				3DE98C061D1D0BB40071C1C7 /* Main.storyboard */,
				3DE98C091D1D0BB40071C1C7 /* Assets.xcassets */,
				3DE98C0E1D1D0BB40071C1C7 /* Info.plist */,
				3D2471D81E5AFA2F002004CB /* GoogleService-Info.plist */,
			);
			path = "Sahi Pakde Hai";
			sourceTree = "<group>";
		};
		3DE98C301D1D43E50071C1C7 /* util */ = {
			isa = PBXGroup;
			children = (
				3D79F21D1E643D7300BECAC8 /* TeamPlayUtil.swift */,
				3DE98C311D1D43FA0071C1C7 /* CommonUtil.swift */,
				3D3659B41E01B7A50018F13E /* Constant.swift */,
				3D0131121E11858D00845149 /* Service.swift */,
				3D0131191E118F5500845149 /* BaseUIViewController.swift */,
				3D3C76251E12BB8100A67EF5 /* SQLiteDatabase.swift */,
				3D2471D61E5AF518002004CB /* GoogleAnalyticsUtil.swift */,
				3D806ECD1E5D6A910004C2D8 /* PreviewUtil.swift */,
				3D27D3671E69497000237801 /* PreferenceUtil.swift */,
			);
			name = util;
			sourceTree = "<group>";
		};
		CE812A253420AFD10E85C0D6 /* Pods */ = {
			isa = PBXGroup;
			children = (
				BC6B77BFECFED7FCB35A8D6C /* Pods-Sahi Pakde Hai.debug.xcconfig */,
				94307FD268DB747BA3742490 /* Pods-Sahi Pakde Hai.release.xcconfig */,
			);
			name = Pods;
			sourceTree = "<group>";
		};
/* End PBXGroup section */

/* Begin PBXNativeTarget section */
		3DE98BFE1D1D0BB40071C1C7 /* Sahi Pakde Hai */ = {
			isa = PBXNativeTarget;
			buildConfigurationList = 3DE98C111D1D0BB40071C1C7 /* Build configuration list for PBXNativeTarget "Sahi Pakde Hai" */;
			buildPhases = (
				0478DB0791CF6FD1B4EE2D3E /* [CP] Check Pods Manifest.lock */,
				3DE98BFB1D1D0BB40071C1C7 /* Sources */,
				3DE98BFC1D1D0BB40071C1C7 /* Frameworks */,
				3DE98BFD1D1D0BB40071C1C7 /* Resources */,
				771C2C9796E9922F788A15DF /* [CP] Embed Pods Frameworks */,
				4AC42D0404A8012D2A16C019 /* [CP] Copy Pods Resources */,
			);
			buildRules = (
			);
			dependencies = (
			);
			name = "Sahi Pakde Hai";
			productName = "Sahi Pakde Hai";
			productReference = 3DE98BFF1D1D0BB40071C1C7 /* Sahi Pakde Hai.app */;
			productType = "com.apple.product-type.application";
		};
/* End PBXNativeTarget section */

/* Begin PBXProject section */
		3DE98BF71D1D0BB40071C1C7 /* Project object */ = {
			isa = PBXProject;
			attributes = {
				LastSwiftUpdateCheck = 0730;
				LastUpgradeCheck = 0800;
				ORGANIZATIONNAME = "Patronous Inc.";
				TargetAttributes = {
					3DE98BFE1D1D0BB40071C1C7 = {
						CreatedOnToolsVersion = 7.3.1;
						DevelopmentTeam = V3J7536XE6;
						LastSwiftMigration = 0800;
					};
				};
			};
			buildConfigurationList = 3DE98BFA1D1D0BB40071C1C7 /* Build configuration list for PBXProject "Sahi Pakde Hai" */;
			compatibilityVersion = "Xcode 3.2";
			developmentRegion = English;
			hasScannedForEncodings = 0;
			knownRegions = (
				en,
				Base,
			);
			mainGroup = 3DE98BF61D1D0BB40071C1C7;
			productRefGroup = 3DE98C001D1D0BB40071C1C7 /* Products */;
			projectDirPath = "";
			projectRoot = "";
			targets = (
				3DE98BFE1D1D0BB40071C1C7 /* Sahi Pakde Hai */,
			);
		};
/* End PBXProject section */

/* Begin PBXResourcesBuildPhase section */
		3DE98BFD1D1D0BB40071C1C7 /* Resources */ = {
			isa = PBXResourcesBuildPhase;
			buildActionMask = 2147483647;
			files = (
				3DC78E3D1E405A2F009BAA60 /* VideoPlayViewController.xib in Resources */,
				3D6F76EB1E0310A3006E560B /* final_score.mp3 in Resources */,
				3D37A6D21E0C4C6B00DD9F70 /* ScoreCardViewController.xib in Resources */,
				3D79F2221E645B2C00BECAC8 /* TeamFinalScoreCardViewController.xib in Resources */,
				3D6F76DC1E030D99006E560B /* select_category.mp3 in Resources */,
				3D6F76E91E0310A3006E560B /* three_two_one.mp3 in Resources */,
				3DE98C1B1D1D0D8A0071C1C7 /* DescriptionViewController.xib in Resources */,
				3D6F76E81E0310A3006E560B /* three_two_one_2.mp3 in Resources */,
				3D9487421E656A3D00D1DEDF /* TeamFinalScoreTableViewCell.xib in Resources */,
				3D6F76EA1E0310A3006E560B /* time_low_loop.mp3 in Resources */,
				3D9487461E65756400D1DEDF /* TotalScoreTableViewCell.xib in Resources */,
				3D6F76E61E0310A3006E560B /* get_ready.mp3 in Resources */,
				3DA704391E13CAC2005DC85B /* ResultTableViewCell.xib in Resources */,
				3DC78E421E407647009BAA60 /* SplashScreenViewController.xib in Resources */,
				3DE98C0A1D1D0BB40071C1C7 /* Assets.xcassets in Resources */,
				3D1661F01D20EF5400EA2DD8 /* HowToPlayViewController.xib in Resources */,
				3D20ABD91DF73A8C009DFB7E /* PlayGameViewController.xib in Resources */,
				3DE98C081D1D0BB40071C1C7 /* Main.storyboard in Resources */,
				3D20ABCC1DF7212B009DFB7E /* CategorySelectionViewController.xib in Resources */,
				3D6F76E71E0310A3006E560B /* round_end_buzzer.mp3 in Resources */,
				3D20ABD01DF72176009DFB7E /* CollectionViewCell.xib in Resources */,
				3D6F76EC1E0310A3006E560B /* pass.mp3 in Resources */,
				3DD4EDBB1E643B420040AA1B /* TeamPlayViewController.xib in Resources */,
				3D6F76E51E0310A3006E560B /* correct.mp3 in Resources */,
				3D2471D91E5AFA2F002004CB /* GoogleService-Info.plist in Resources */,
			);
			runOnlyForDeploymentPostprocessing = 0;
		};
/* End PBXResourcesBuildPhase section */

/* Begin PBXShellScriptBuildPhase section */
		0478DB0791CF6FD1B4EE2D3E /* [CP] Check Pods Manifest.lock */ = {
			isa = PBXShellScriptBuildPhase;
			buildActionMask = 2147483647;
			files = (
			);
			inputPaths = (
			);
			name = "[CP] Check Pods Manifest.lock";
			outputPaths = (
			);
			runOnlyForDeploymentPostprocessing = 0;
			shellPath = /bin/sh;
			shellScript = "diff \"${PODS_ROOT}/../Podfile.lock\" \"${PODS_ROOT}/Manifest.lock\" > /dev/null\nif [ $? != 0 ] ; then\n    # print error to STDERR\n    echo \"error: The sandbox is not in sync with the Podfile.lock. Run 'pod install' or update your CocoaPods installation.\" >&2\n    exit 1\nfi\n";
			showEnvVarsInLog = 0;
		};
		4AC42D0404A8012D2A16C019 /* [CP] Copy Pods Resources */ = {
			isa = PBXShellScriptBuildPhase;
			buildActionMask = 2147483647;
			files = (
			);
			inputPaths = (
			);
			name = "[CP] Copy Pods Resources";
			outputPaths = (
			);
			runOnlyForDeploymentPostprocessing = 0;
			shellPath = /bin/sh;
			shellScript = "\"${SRCROOT}/Pods/Target Support Files/Pods-Sahi Pakde Hai/Pods-Sahi Pakde Hai-resources.sh\"\n";
			showEnvVarsInLog = 0;
		};
		771C2C9796E9922F788A15DF /* [CP] Embed Pods Frameworks */ = {
			isa = PBXShellScriptBuildPhase;
			buildActionMask = 2147483647;
			files = (
			);
			inputPaths = (
			);
			name = "[CP] Embed Pods Frameworks";
			outputPaths = (
			);
			runOnlyForDeploymentPostprocessing = 0;
			shellPath = /bin/sh;
			shellScript = "\"${SRCROOT}/Pods/Target Support Files/Pods-Sahi Pakde Hai/Pods-Sahi Pakde Hai-frameworks.sh\"\n";
			showEnvVarsInLog = 0;
		};
/* End PBXShellScriptBuildPhase section */

/* Begin PBXSourcesBuildPhase section */
		3DE98BFB1D1D0BB40071C1C7 /* Sources */ = {
			isa = PBXSourcesBuildPhase;
			buildActionMask = 2147483647;
			files = (
				3DA704381E13CAC2005DC85B /* ResultTableViewCell.swift in Sources */,
				3DC1A3A01E4C8BF200330170 /* MKLayer.swift in Sources */,
				3DE98C1A1D1D0D8A0071C1C7 /* DescriptionViewController.swift in Sources */,
				3D2471D71E5AF518002004CB /* GoogleAnalyticsUtil.swift in Sources */,
				3DC78E411E407647009BAA60 /* SplashScreenViewController.swift in Sources */,
				3D0131131E11858D00845149 /* Service.swift in Sources */,
				3D3659B31E01B2900018F13E /* Category.swift in Sources */,
				3D1661EF1D20EF5400EA2DD8 /* HowToPlayViewController.swift in Sources */,
				3DD4EDBA1E643B420040AA1B /* TeamPlayViewController.swift in Sources */,
				3D3C76351E12BC4300A67EF5 /* FMDatabaseAdditions.m in Sources */,
				3DC1A39E1E4C88BA00330170 /* MKCollectionViewCell.swift in Sources */,
				3D20ABD81DF73A8C009DFB7E /* PlayGameViewController.swift in Sources */,
				3D20ABCF1DF72176009DFB7E /* CollectionViewCell.swift in Sources */,
				3D37A6D11E0C4C6B00DD9F70 /* ScoreCardViewController.swift in Sources */,
				3DC78E3C1E405A2F009BAA60 /* VideoPlayViewController.swift in Sources */,
				3D20ABCB1DF7212B009DFB7E /* CategorySelectionViewController.swift in Sources */,
				3D3C76371E12BC4300A67EF5 /* FMDatabaseQueue.m in Sources */,
				3DE98C321D1D43FA0071C1C7 /* CommonUtil.swift in Sources */,
				3D0131161E11865B00845149 /* Deck.swift in Sources */,
				3D806ECE1E5D6A910004C2D8 /* PreviewUtil.swift in Sources */,
				3DA704311E13B964005DC85B /* DeckResult.swift in Sources */,
				3D9487481E6585B600D1DEDF /* TeamPlayScore.swift in Sources */,
				3D01311A1E118F5500845149 /* BaseUIViewController.swift in Sources */,
				3D3C76381E12BC4300A67EF5 /* FMResultSet.m in Sources */,
				3D9487411E656A3D00D1DEDF /* TeamFinalScoreTableViewCell.swift in Sources */,
				3D79F2211E645B2C00BECAC8 /* TeamFinalScoreCardViewController.swift in Sources */,
				3D3C76361E12BC4300A67EF5 /* FMDatabasePool.m in Sources */,
				3D3659B51E01B7A50018F13E /* Constant.swift in Sources */,
				3D9487451E65756400D1DEDF /* TotalScoreTableViewCell.swift in Sources */,
				3D79F21E1E643D7300BECAC8 /* TeamPlayUtil.swift in Sources */,
				3DE98C031D1D0BB40071C1C7 /* AppDelegate.swift in Sources */,
				3D3C76261E12BB8100A67EF5 /* SQLiteDatabase.swift in Sources */,
				3D27D3681E69497000237801 /* PreferenceUtil.swift in Sources */,
				3D3C76341E12BC4300A67EF5 /* FMDatabase.m in Sources */,
			);
			runOnlyForDeploymentPostprocessing = 0;
		};
/* End PBXSourcesBuildPhase section */

/* Begin PBXVariantGroup section */
		3DE98C061D1D0BB40071C1C7 /* Main.storyboard */ = {
			isa = PBXVariantGroup;
			children = (
				3DE98C071D1D0BB40071C1C7 /* Base */,
			);
			name = Main.storyboard;
			sourceTree = "<group>";
		};
/* End PBXVariantGroup section */

/* Begin XCBuildConfiguration section */
		3DE98C0F1D1D0BB40071C1C7 /* Debug */ = {
			isa = XCBuildConfiguration;
			buildSettings = {
				ALWAYS_SEARCH_USER_PATHS = NO;
				CLANG_ANALYZER_NONNULL = YES;
				CLANG_CXX_LANGUAGE_STANDARD = "gnu++0x";
				CLANG_CXX_LIBRARY = "libc++";
				CLANG_ENABLE_MODULES = YES;
				CLANG_ENABLE_OBJC_ARC = YES;
				CLANG_WARN_BOOL_CONVERSION = YES;
				CLANG_WARN_CONSTANT_CONVERSION = YES;
				CLANG_WARN_DIRECT_OBJC_ISA_USAGE = YES_ERROR;
				CLANG_WARN_EMPTY_BODY = YES;
				CLANG_WARN_ENUM_CONVERSION = YES;
				CLANG_WARN_INFINITE_RECURSION = YES;
				CLANG_WARN_INT_CONVERSION = YES;
				CLANG_WARN_OBJC_ROOT_CLASS = YES_ERROR;
				CLANG_WARN_SUSPICIOUS_MOVE = YES;
				CLANG_WARN_UNREACHABLE_CODE = YES;
				CLANG_WARN__DUPLICATE_METHOD_MATCH = YES;
				"CODE_SIGN_IDENTITY[sdk=iphoneos*]" = "iPhone Developer";
				COPY_PHASE_STRIP = NO;
				DEBUG_INFORMATION_FORMAT = dwarf;
				ENABLE_STRICT_OBJC_MSGSEND = YES;
				ENABLE_TESTABILITY = YES;
				GCC_C_LANGUAGE_STANDARD = gnu99;
				GCC_DYNAMIC_NO_PIC = NO;
				GCC_NO_COMMON_BLOCKS = YES;
				GCC_OPTIMIZATION_LEVEL = 0;
				GCC_PREPROCESSOR_DEFINITIONS = (
					"DEBUG=1",
					"$(inherited)",
				);
				GCC_WARN_64_TO_32_BIT_CONVERSION = YES;
				GCC_WARN_ABOUT_RETURN_TYPE = YES_ERROR;
				GCC_WARN_UNDECLARED_SELECTOR = YES;
				GCC_WARN_UNINITIALIZED_AUTOS = YES_AGGRESSIVE;
				GCC_WARN_UNUSED_FUNCTION = YES;
				GCC_WARN_UNUSED_VARIABLE = YES;
				IPHONEOS_DEPLOYMENT_TARGET = 9.3;
				MTL_ENABLE_DEBUG_INFO = YES;
				ONLY_ACTIVE_ARCH = YES;
				SDKROOT = iphoneos;
				SWIFT_OPTIMIZATION_LEVEL = "-Onone";
			};
			name = Debug;
		};
		3DE98C101D1D0BB40071C1C7 /* Release */ = {
			isa = XCBuildConfiguration;
			buildSettings = {
				ALWAYS_SEARCH_USER_PATHS = NO;
				CLANG_ANALYZER_NONNULL = YES;
				CLANG_CXX_LANGUAGE_STANDARD = "gnu++0x";
				CLANG_CXX_LIBRARY = "libc++";
				CLANG_ENABLE_MODULES = YES;
				CLANG_ENABLE_OBJC_ARC = YES;
				CLANG_WARN_BOOL_CONVERSION = YES;
				CLANG_WARN_CONSTANT_CONVERSION = YES;
				CLANG_WARN_DIRECT_OBJC_ISA_USAGE = YES_ERROR;
				CLANG_WARN_EMPTY_BODY = YES;
				CLANG_WARN_ENUM_CONVERSION = YES;
				CLANG_WARN_INFINITE_RECURSION = YES;
				CLANG_WARN_INT_CONVERSION = YES;
				CLANG_WARN_OBJC_ROOT_CLASS = YES_ERROR;
				CLANG_WARN_SUSPICIOUS_MOVE = YES;
				CLANG_WARN_UNREACHABLE_CODE = YES;
				CLANG_WARN__DUPLICATE_METHOD_MATCH = YES;
				"CODE_SIGN_IDENTITY[sdk=iphoneos*]" = "iPhone Developer";
				COPY_PHASE_STRIP = NO;
				DEBUG_INFORMATION_FORMAT = "dwarf-with-dsym";
				ENABLE_NS_ASSERTIONS = NO;
				ENABLE_STRICT_OBJC_MSGSEND = YES;
				GCC_C_LANGUAGE_STANDARD = gnu99;
				GCC_NO_COMMON_BLOCKS = YES;
				GCC_WARN_64_TO_32_BIT_CONVERSION = YES;
				GCC_WARN_ABOUT_RETURN_TYPE = YES_ERROR;
				GCC_WARN_UNDECLARED_SELECTOR = YES;
				GCC_WARN_UNINITIALIZED_AUTOS = YES_AGGRESSIVE;
				GCC_WARN_UNUSED_FUNCTION = YES;
				GCC_WARN_UNUSED_VARIABLE = YES;
				IPHONEOS_DEPLOYMENT_TARGET = 9.3;
				MTL_ENABLE_DEBUG_INFO = NO;
				SDKROOT = iphoneos;
				SWIFT_OPTIMIZATION_LEVEL = "-Owholemodule";
				VALIDATE_PRODUCT = YES;
			};
			name = Release;
		};
		3DE98C121D1D0BB40071C1C7 /* Debug */ = {
			isa = XCBuildConfiguration;
			baseConfigurationReference = BC6B77BFECFED7FCB35A8D6C /* Pods-Sahi Pakde Hai.debug.xcconfig */;
			buildSettings = {
				ALWAYS_EMBED_SWIFT_STANDARD_LIBRARIES = YES;
				ASSETCATALOG_COMPILER_APPICON_NAME = AppIcon;
				ASSETCATALOG_COMPILER_LAUNCHIMAGE_NAME = LaunchImage;
				CLANG_ENABLE_MODULES = YES;
				DEVELOPMENT_TEAM = V3J7536XE6;
				INFOPLIST_FILE = "Sahi Pakde Hai/Info.plist";
				IPHONEOS_DEPLOYMENT_TARGET = 8.2;
				LD_RUNPATH_SEARCH_PATHS = "$(inherited) @executable_path/Frameworks";
				PRODUCT_BUNDLE_IDENTIFIER = com.patronous.sahipakdehai;
				PRODUCT_NAME = "$(TARGET_NAME)";
				SWIFT_OBJC_BRIDGING_HEADER = "Sahi Pakde Hai/Sahi Pakde Hai-Bridging-Header.h";
				SWIFT_OPTIMIZATION_LEVEL = "-Onone";
				SWIFT_VERSION = 3.0;
				TARGETED_DEVICE_FAMILY = "1,2";
			};
			name = Debug;
		};
		3DE98C131D1D0BB40071C1C7 /* Release */ = {
			isa = XCBuildConfiguration;
			baseConfigurationReference = 94307FD268DB747BA3742490 /* Pods-Sahi Pakde Hai.release.xcconfig */;
			buildSettings = {
				ALWAYS_EMBED_SWIFT_STANDARD_LIBRARIES = YES;
				ASSETCATALOG_COMPILER_APPICON_NAME = AppIcon;
				ASSETCATALOG_COMPILER_LAUNCHIMAGE_NAME = LaunchImage;
				CLANG_ENABLE_MODULES = YES;
				DEVELOPMENT_TEAM = V3J7536XE6;
				INFOPLIST_FILE = "Sahi Pakde Hai/Info.plist";
				IPHONEOS_DEPLOYMENT_TARGET = 8.2;
				LD_RUNPATH_SEARCH_PATHS = "$(inherited) @executable_path/Frameworks";
				PRODUCT_BUNDLE_IDENTIFIER = com.patronous.sahipakdehai;
				PRODUCT_NAME = "$(TARGET_NAME)";
				SWIFT_OBJC_BRIDGING_HEADER = "Sahi Pakde Hai/Sahi Pakde Hai-Bridging-Header.h";
				SWIFT_VERSION = 3.0;
				TARGETED_DEVICE_FAMILY = "1,2";
			};
			name = Release;
		};
/* End XCBuildConfiguration section */

/* Begin XCConfigurationList section */
		3DE98BFA1D1D0BB40071C1C7 /* Build configuration list for PBXProject "Sahi Pakde Hai" */ = {
			isa = XCConfigurationList;
			buildConfigurations = (
				3DE98C0F1D1D0BB40071C1C7 /* Debug */,
				3DE98C101D1D0BB40071C1C7 /* Release */,
			);
			defaultConfigurationIsVisible = 0;
			defaultConfigurationName = Release;
		};
		3DE98C111D1D0BB40071C1C7 /* Build configuration list for PBXNativeTarget "Sahi Pakde Hai" */ = {
			isa = XCConfigurationList;
			buildConfigurations = (
				3DE98C121D1D0BB40071C1C7 /* Debug */,
				3DE98C131D1D0BB40071C1C7 /* Release */,
			);
			defaultConfigurationIsVisible = 0;
			defaultConfigurationName = Release;
		};
/* End XCConfigurationList section */
	};
	rootObject = 3DE98BF71D1D0BB40071C1C7 /* Project object */;
}
